
Microsoft Visual Studio Solution File, Format Version 12.00
# Visual Studio Version 17
VisualStudioVersion = 17.6.33829.357
MinimumVisualStudioVersion = 10.0.40219.1
Project("{8BC9CEB8-8B4A-11D0-8D11-00A0C91BC942}") = "Game Tic Tac Toe", "Game Tic Tac Toe\Game Tic Tac Toe.vcxproj", "{FA22037E-2BAE-413E-B539-C0F3D05D44A3}"
EndProject
Global
	GlobalSection(SolutionConfigurationPlatforms) = preSolution
		Debug|x64 = Debug|x64
		Debug|x86 = Debug|x86
		Release|x64 = Release|x64
		Release|x86 = Release|x86
	EndGlobalSection
	GlobalSection(ProjectConfigurationPlatforms) = postSolution
		{FA22037E-2BAE-413E-B539-C0F3D05D44A3}.Debug|x64.ActiveCfg = Debug|x64
		{FA22037E-2BAE-413E-B539-C0F3D05D44A3}.Debug|x64.Build.0 = Debug|x64
		{FA22037E-2BAE-413E-B539-C0F3D05D44A3}.Debug|x86.ActiveCfg = Debug|Win32
		{FA22037E-2BAE-413E-B539-C0F3D05D44A3}.Debug|x86.Build.0 = Debug|Win32
		{FA22037E-2BAE-413E-B539-C0F3D05D44A3}.Release|x64.ActiveCfg = Release|x64
		{FA22037E-2BAE-413E-B539-C0F3D05D44A3}.Release|x64.Build.0 = Release|x64
		{FA22037E-2BAE-413E-B539-C0F3D05D44A3}.Release|x86.ActiveCfg = Release|Win32
		{FA22037E-2BAE-413E-B539-C0F3D05D44A3}.Release|x86.Build.0 = Release|Win32
	EndGlobalSection
	GlobalSection(SolutionProperties) = preSolution
		HideSolutionNode = FALSE
	EndGlobalSection
	GlobalSection(ExtensibilityGlobals) = postSolution
		SolutionGuid = {C1D754DE-DB94-427E-A93B-DD7BC00AF6B1}
	EndGlobalSection
EndGlobal
